
Microsoft Visual Studio Solution File, Format Version 12.00
# Visual Studio Version 16
VisualStudioVersion = 16.0.31313.79
MinimumVisualStudioVersion = 10.0.40219.1
Project("{FAE04EC0-301F-11D3-BF4B-00C04F79EFBC}") = "MyEncoding", "MyEncoding\MyEncoding.csproj", "{9C63CD85-B916-4776-95BA-B22D02565CDE}"
EndProject
Project("{FAE04EC0-301F-11D3-BF4B-00C04F79EFBC}") = "EncodingWindowTool", "EncodingWindowTool\EncodingWindowTool.csproj", "{E1E1CF95-FD23-49A6-98C1-E9C63061D4FE}"
EndProject
Global
	GlobalSection(SolutionConfigurationPlatforms) = preSolution
		Debug|Any CPU = Debug|Any CPU
		Release|Any CPU = Release|Any CPU
	EndGlobalSection
	GlobalSection(ProjectConfigurationPlatforms) = postSolution
		{9C63CD85-B916-4776-95BA-B22D02565CDE}.Debug|Any CPU.ActiveCfg = Debug|Any CPU
		{9C63CD85-B916-4776-95BA-B22D02565CDE}.Debug|Any CPU.Build.0 = Debug|Any CPU
		{9C63CD85-B916-4776-95BA-B22D02565CDE}.Release|Any CPU.ActiveCfg = Release|Any CPU
		{9C63CD85-B916-4776-95BA-B22D02565CDE}.Release|Any CPU.Build.0 = Release|Any CPU
		{E1E1CF95-FD23-49A6-98C1-E9C63061D4FE}.Debug|Any CPU.ActiveCfg = Debug|Any CPU
		{E1E1CF95-FD23-49A6-98C1-E9C63061D4FE}.Debug|Any CPU.Build.0 = Debug|Any CPU
		{E1E1CF95-FD23-49A6-98C1-E9C63061D4FE}.Release|Any CPU.ActiveCfg = Release|Any CPU
		{E1E1CF95-FD23-49A6-98C1-E9C63061D4FE}.Release|Any CPU.Build.0 = Release|Any CPU
	EndGlobalSection
	GlobalSection(SolutionProperties) = preSolution
		HideSolutionNode = FALSE
	EndGlobalSection
	GlobalSection(ExtensibilityGlobals) = postSolution
		SolutionGuid = {00F238C9-EB16-4DA8-984E-980F18C42ADE}
	EndGlobalSection
EndGlobal
